
Microsoft Visual Studio Solution File, Format Version 12.00
# Visual Studio Version 16
VisualStudioVersion = 16.0.30804.86
MinimumVisualStudioVersion = 10.0.40219.1
Project("{2150E333-8FDC-42A3-9474-1A3956D46DE8}") = "Tests", "Tests", "{2D3AF103-7306-44FC-8137-B0209CE14591}"
EndProject
Project("{FAE04EC0-301F-11D3-BF4B-00C04F79EFBC}") = "MappingEdu.Core", "MappingEdu.Core\MappingEdu.Core.csproj", "{B992FF21-C54D-42F1-A923-A947B949DDD8}"
EndProject
Project("{2150E333-8FDC-42A3-9474-1A3956D46DE8}") = "Docs", "Docs", "{48BE2681-6434-4EFB-8803-EAB848397FDF}"
	ProjectSection(SolutionItems) = preProject
		Karma-Notes.md = Karma-Notes.md
		..\README.md = ..\README.md
	EndProjectSection
EndProject
Project("{FAE04EC0-301F-11D3-BF4B-00C04F79EFBC}") = "MappingEdu.Web.UI", "MappingEdu.Web.UI\MappingEdu.Web.UI.csproj", "{20C06D4D-C399-467A-9C03-327D018A48A6}"
EndProject
Project("{FAE04EC0-301F-11D3-BF4B-00C04F79EFBC}") = "MappingEdu.Tests.DataAccess", "MappingEdu.Tests.DataAccess\MappingEdu.Tests.DataAccess.csproj", "{93E5448A-C6BB-4406-8828-C8F1D1DC2B5C}"
EndProject
Project("{FAE04EC0-301F-11D3-BF4B-00C04F79EFBC}") = "MappingEdu.Tests.Business", "MappingEdu.Tests.Business\MappingEdu.Tests.Business.csproj", "{2A882768-AFF9-4320-96A8-D681796893BE}"
EndProject
Project("{2150E333-8FDC-42A3-9474-1A3956D46DE8}") = "Business", "Business", "{A0DAD2C9-5B13-4EA3-964B-C76297357981}"
EndProject
Project("{2150E333-8FDC-42A3-9474-1A3956D46DE8}") = "Web", "Web", "{D6580BA3-B147-4DBF-A739-0933D784033D}"
EndProject
Project("{2150E333-8FDC-42A3-9474-1A3956D46DE8}") = "Service", "Service", "{F2FEA480-AC71-4269-BCF8-C111111574CE}"
EndProject
Project("{FAE04EC0-301F-11D3-BF4B-00C04F79EFBC}") = "MappingEdu.Service", "MappingEdu.Service\MappingEdu.Service.csproj", "{160F56D1-0435-43D6-83A3-4572BA533541}"
EndProject
Project("{FAE04EC0-301F-11D3-BF4B-00C04F79EFBC}") = "MappingEdu.Service.Model", "MappingEdu.Service.Model\MappingEdu.Service.Model.csproj", "{4CF79BEE-37A7-45CC-ABC0-40D7215DFB5B}"
EndProject
Project("{FAE04EC0-301F-11D3-BF4B-00C04F79EFBC}") = "MappingEdu.Core.DataAccess", "MappingEdu.Core.DataAccess\MappingEdu.Core.DataAccess.csproj", "{5569070C-ECD5-45D2-AD41-C7F79D9D336A}"
EndProject
Project("{FAE04EC0-301F-11D3-BF4B-00C04F79EFBC}") = "MappingEdu.Core.Domain", "MappingEdu.Core.Domain\MappingEdu.Core.Domain.csproj", "{D1838D22-6C0D-4368-A662-51C925953C57}"
EndProject
Project("{FAE04EC0-301F-11D3-BF4B-00C04F79EFBC}") = "MappingEdu.Common", "MappingEdu.Common\MappingEdu.Common.csproj", "{956C2FB1-DF12-4B5F-B39D-F30292AD8A43}"
EndProject
Project("{FAE04EC0-301F-11D3-BF4B-00C04F79EFBC}") = "MappingEdu.Tests.Core.Domain", "MappingEdu.Tests.Core.Domain\MappingEdu.Tests.Core.Domain.csproj", "{3AA5539E-CA94-447E-AEB9-3E0E3695EA68}"
EndProject
Project("{FAE04EC0-301F-11D3-BF4B-00C04F79EFBC}") = "MappingEdu.Tests.Unit.Web.UI", "MappingEdu.Tests.Unit.Web.UI\MappingEdu.Tests.Unit.Web.UI.csproj", "{D6FCCD27-4119-424E-AE5E-C3D5349AFD48}"
EndProject
Global
	GlobalSection(SolutionConfigurationPlatforms) = preSolution
		Debug|Any CPU = Debug|Any CPU
		Release|Any CPU = Release|Any CPU
		TeamCityDebug|Any CPU = TeamCityDebug|Any CPU
	EndGlobalSection
	GlobalSection(ProjectConfigurationPlatforms) = postSolution
		{B992FF21-C54D-42F1-A923-A947B949DDD8}.Debug|Any CPU.ActiveCfg = Debug|Any CPU
		{B992FF21-C54D-42F1-A923-A947B949DDD8}.Debug|Any CPU.Build.0 = Debug|Any CPU
		{B992FF21-C54D-42F1-A923-A947B949DDD8}.Release|Any CPU.ActiveCfg = Release|Any CPU
		{B992FF21-C54D-42F1-A923-A947B949DDD8}.Release|Any CPU.Build.0 = Release|Any CPU
		{B992FF21-C54D-42F1-A923-A947B949DDD8}.TeamCityDebug|Any CPU.ActiveCfg = TeamCityDebug|Any CPU
		{B992FF21-C54D-42F1-A923-A947B949DDD8}.TeamCityDebug|Any CPU.Build.0 = TeamCityDebug|Any CPU
		{20C06D4D-C399-467A-9C03-327D018A48A6}.Debug|Any CPU.ActiveCfg = Debug|Any CPU
		{20C06D4D-C399-467A-9C03-327D018A48A6}.Debug|Any CPU.Build.0 = Debug|Any CPU
		{20C06D4D-C399-467A-9C03-327D018A48A6}.Release|Any CPU.ActiveCfg = Release|Any CPU
		{20C06D4D-C399-467A-9C03-327D018A48A6}.Release|Any CPU.Build.0 = Release|Any CPU
		{20C06D4D-C399-467A-9C03-327D018A48A6}.TeamCityDebug|Any CPU.ActiveCfg = TeamCityDebug|Any CPU
		{20C06D4D-C399-467A-9C03-327D018A48A6}.TeamCityDebug|Any CPU.Build.0 = TeamCityDebug|Any CPU
		{93E5448A-C6BB-4406-8828-C8F1D1DC2B5C}.Debug|Any CPU.ActiveCfg = Debug|Any CPU
		{93E5448A-C6BB-4406-8828-C8F1D1DC2B5C}.Debug|Any CPU.Build.0 = Debug|Any CPU
		{93E5448A-C6BB-4406-8828-C8F1D1DC2B5C}.Release|Any CPU.ActiveCfg = Release|Any CPU
		{93E5448A-C6BB-4406-8828-C8F1D1DC2B5C}.Release|Any CPU.Build.0 = Release|Any CPU
		{93E5448A-C6BB-4406-8828-C8F1D1DC2B5C}.TeamCityDebug|Any CPU.ActiveCfg = TeamCityDebug|Any CPU
		{93E5448A-C6BB-4406-8828-C8F1D1DC2B5C}.TeamCityDebug|Any CPU.Build.0 = TeamCityDebug|Any CPU
		{2A882768-AFF9-4320-96A8-D681796893BE}.Debug|Any CPU.ActiveCfg = Debug|Any CPU
		{2A882768-AFF9-4320-96A8-D681796893BE}.Debug|Any CPU.Build.0 = Debug|Any CPU
		{2A882768-AFF9-4320-96A8-D681796893BE}.Release|Any CPU.ActiveCfg = Release|Any CPU
		{2A882768-AFF9-4320-96A8-D681796893BE}.Release|Any CPU.Build.0 = Release|Any CPU
		{2A882768-AFF9-4320-96A8-D681796893BE}.TeamCityDebug|Any CPU.ActiveCfg = TeamCityDebug|Any CPU
		{2A882768-AFF9-4320-96A8-D681796893BE}.TeamCityDebug|Any CPU.Build.0 = TeamCityDebug|Any CPU
		{160F56D1-0435-43D6-83A3-4572BA533541}.Debug|Any CPU.ActiveCfg = Debug|Any CPU
		{160F56D1-0435-43D6-83A3-4572BA533541}.Debug|Any CPU.Build.0 = Debug|Any CPU
		{160F56D1-0435-43D6-83A3-4572BA533541}.Release|Any CPU.ActiveCfg = Release|Any CPU
		{160F56D1-0435-43D6-83A3-4572BA533541}.Release|Any CPU.Build.0 = Release|Any CPU
		{160F56D1-0435-43D6-83A3-4572BA533541}.TeamCityDebug|Any CPU.ActiveCfg = Debug|Any CPU
		{160F56D1-0435-43D6-83A3-4572BA533541}.TeamCityDebug|Any CPU.Build.0 = Debug|Any CPU
		{4CF79BEE-37A7-45CC-ABC0-40D7215DFB5B}.Debug|Any CPU.ActiveCfg = Debug|Any CPU
		{4CF79BEE-37A7-45CC-ABC0-40D7215DFB5B}.Debug|Any CPU.Build.0 = Debug|Any CPU
		{4CF79BEE-37A7-45CC-ABC0-40D7215DFB5B}.Release|Any CPU.ActiveCfg = Release|Any CPU
		{4CF79BEE-37A7-45CC-ABC0-40D7215DFB5B}.Release|Any CPU.Build.0 = Release|Any CPU
		{4CF79BEE-37A7-45CC-ABC0-40D7215DFB5B}.TeamCityDebug|Any CPU.ActiveCfg = Debug|Any CPU
		{4CF79BEE-37A7-45CC-ABC0-40D7215DFB5B}.TeamCityDebug|Any CPU.Build.0 = Debug|Any CPU
		{5569070C-ECD5-45D2-AD41-C7F79D9D336A}.Debug|Any CPU.ActiveCfg = Debug|Any CPU
		{5569070C-ECD5-45D2-AD41-C7F79D9D336A}.Debug|Any CPU.Build.0 = Debug|Any CPU
		{5569070C-ECD5-45D2-AD41-C7F79D9D336A}.Release|Any CPU.ActiveCfg = Release|Any CPU
		{5569070C-ECD5-45D2-AD41-C7F79D9D336A}.Release|Any CPU.Build.0 = Release|Any CPU
		{5569070C-ECD5-45D2-AD41-C7F79D9D336A}.TeamCityDebug|Any CPU.ActiveCfg = TeamCityDebug|Any CPU
		{5569070C-ECD5-45D2-AD41-C7F79D9D336A}.TeamCityDebug|Any CPU.Build.0 = TeamCityDebug|Any CPU
		{D1838D22-6C0D-4368-A662-51C925953C57}.Debug|Any CPU.ActiveCfg = Debug|Any CPU
		{D1838D22-6C0D-4368-A662-51C925953C57}.Debug|Any CPU.Build.0 = Debug|Any CPU
		{D1838D22-6C0D-4368-A662-51C925953C57}.Release|Any CPU.ActiveCfg = Release|Any CPU
		{D1838D22-6C0D-4368-A662-51C925953C57}.Release|Any CPU.Build.0 = Release|Any CPU
		{D1838D22-6C0D-4368-A662-51C925953C57}.TeamCityDebug|Any CPU.ActiveCfg = TeamCityDebug|Any CPU
		{D1838D22-6C0D-4368-A662-51C925953C57}.TeamCityDebug|Any CPU.Build.0 = TeamCityDebug|Any CPU
		{956C2FB1-DF12-4B5F-B39D-F30292AD8A43}.Debug|Any CPU.ActiveCfg = Debug|Any CPU
		{956C2FB1-DF12-4B5F-B39D-F30292AD8A43}.Debug|Any CPU.Build.0 = Debug|Any CPU
		{956C2FB1-DF12-4B5F-B39D-F30292AD8A43}.Debug|Any CPU.Deploy.0 = Debug|Any CPU
		{956C2FB1-DF12-4B5F-B39D-F30292AD8A43}.Release|Any CPU.ActiveCfg = Release|Any CPU
		{956C2FB1-DF12-4B5F-B39D-F30292AD8A43}.Release|Any CPU.Build.0 = Release|Any CPU
		{956C2FB1-DF12-4B5F-B39D-F30292AD8A43}.TeamCityDebug|Any CPU.ActiveCfg = Debug|Any CPU
		{956C2FB1-DF12-4B5F-B39D-F30292AD8A43}.TeamCityDebug|Any CPU.Build.0 = Debug|Any CPU
		{3AA5539E-CA94-447E-AEB9-3E0E3695EA68}.Debug|Any CPU.ActiveCfg = Debug|Any CPU
		{3AA5539E-CA94-447E-AEB9-3E0E3695EA68}.Debug|Any CPU.Build.0 = Debug|Any CPU
		{3AA5539E-CA94-447E-AEB9-3E0E3695EA68}.Release|Any CPU.ActiveCfg = Release|Any CPU
		{3AA5539E-CA94-447E-AEB9-3E0E3695EA68}.Release|Any CPU.Build.0 = Release|Any CPU
		{3AA5539E-CA94-447E-AEB9-3E0E3695EA68}.TeamCityDebug|Any CPU.ActiveCfg = Debug|Any CPU
		{3AA5539E-CA94-447E-AEB9-3E0E3695EA68}.TeamCityDebug|Any CPU.Build.0 = Debug|Any CPU
		{D6FCCD27-4119-424E-AE5E-C3D5349AFD48}.Debug|Any CPU.ActiveCfg = Debug|Any CPU
		{D6FCCD27-4119-424E-AE5E-C3D5349AFD48}.Debug|Any CPU.Build.0 = Debug|Any CPU
		{D6FCCD27-4119-424E-AE5E-C3D5349AFD48}.Release|Any CPU.ActiveCfg = Release|Any CPU
		{D6FCCD27-4119-424E-AE5E-C3D5349AFD48}.Release|Any CPU.Build.0 = Release|Any CPU
		{D6FCCD27-4119-424E-AE5E-C3D5349AFD48}.TeamCityDebug|Any CPU.ActiveCfg = Debug|Any CPU
		{D6FCCD27-4119-424E-AE5E-C3D5349AFD48}.TeamCityDebug|Any CPU.Build.0 = Debug|Any CPU
	EndGlobalSection
	GlobalSection(SolutionProperties) = preSolution
		HideSolutionNode = FALSE
	EndGlobalSection
	GlobalSection(NestedProjects) = preSolution
		{B992FF21-C54D-42F1-A923-A947B949DDD8} = {A0DAD2C9-5B13-4EA3-964B-C76297357981}
		{48BE2681-6434-4EFB-8803-EAB848397FDF} = {F2FEA480-AC71-4269-BCF8-C111111574CE}
		{20C06D4D-C399-467A-9C03-327D018A48A6} = {D6580BA3-B147-4DBF-A739-0933D784033D}
		{93E5448A-C6BB-4406-8828-C8F1D1DC2B5C} = {2D3AF103-7306-44FC-8137-B0209CE14591}
		{2A882768-AFF9-4320-96A8-D681796893BE} = {2D3AF103-7306-44FC-8137-B0209CE14591}
		{160F56D1-0435-43D6-83A3-4572BA533541} = {F2FEA480-AC71-4269-BCF8-C111111574CE}
		{4CF79BEE-37A7-45CC-ABC0-40D7215DFB5B} = {F2FEA480-AC71-4269-BCF8-C111111574CE}
		{5569070C-ECD5-45D2-AD41-C7F79D9D336A} = {A0DAD2C9-5B13-4EA3-964B-C76297357981}
		{D1838D22-6C0D-4368-A662-51C925953C57} = {A0DAD2C9-5B13-4EA3-964B-C76297357981}
		{956C2FB1-DF12-4B5F-B39D-F30292AD8A43} = {A0DAD2C9-5B13-4EA3-964B-C76297357981}
		{3AA5539E-CA94-447E-AEB9-3E0E3695EA68} = {2D3AF103-7306-44FC-8137-B0209CE14591}
		{D6FCCD27-4119-424E-AE5E-C3D5349AFD48} = {2D3AF103-7306-44FC-8137-B0209CE14591}
	EndGlobalSection
	GlobalSection(ExtensibilityGlobals) = postSolution
		SolutionGuid = {8B1C050A-58DE-4242-B131-A618EF939B8A}
	EndGlobalSection
EndGlobal
